{
    "_readme": [
        "This file locks the dependencies of your project to a known state",
        "Read more about it at https://getcomposer.org/doc/01-basic-usage.md#composer-lock-the-lock-file",
        "This file is @generated automatically"
    ],
    "hash": "bbd3527a079fdd641e2ec033f5e5d1d5",
    "content-hash": "26903ae087247c66dffc42b5511910c6",
    "packages": [
        {
            "name": "composer/installers",
            "version": "v1.0.21",
            "source": {
                "type": "git",
                "url": "https://github.com/composer/installers.git",
                "reference": "d64e23fce42a4063d63262b19b8e7c0f3b5e4c45"
            },
            "dist": {
                "type": "zip",
                "url": "https://api.github.com/repos/composer/installers/zipball/d64e23fce42a4063d63262b19b8e7c0f3b5e4c45",
                "reference": "d64e23fce42a4063d63262b19b8e7c0f3b5e4c45",
                "shasum": ""
            },
            "replace": {
                "roundcube/plugin-installer": "*",
                "shama/baton": "*"
            },
            "require-dev": {
                "composer/composer": "1.0.*@dev",
                "phpunit/phpunit": "4.1.*"
            },
            "type": "composer-installer",
            "extra": {
                "class": "Composer\\Installers\\Installer",
                "branch-alias": {
                    "dev-master": "1.0-dev"
                }
            },
            "autoload": {
                "psr-0": {
                    "Composer\\Installers\\": "src/"
                }
            },
            "notification-url": "https://packagist.org/downloads/",
            "license": [
                "MIT"
            ],
            "authors": [
                {
                    "name": "Kyle Robinson Young",
                    "email": "kyle@dontkry.com",
                    "homepage": "https://github.com/shama"
                }
            ],
            "description": "A multi-framework Composer library installer",
            "homepage": "http://composer.github.com/installers/",
            "keywords": [
                "Craft",
                "Dolibarr",
                "Hurad",
                "MODX Evo",
                "OXID",
                "SMF",
                "Thelia",
                "WolfCMS",
                "agl",
                "aimeos",
                "annotatecms",
                "bitrix",
                "cakephp",
                "chef",
                "codeigniter",
                "concrete5",
                "croogo",
                "dokuwiki",
                "drupal",
                "elgg",
                "fuelphp",
                "grav",
                "installer",
                "joomla",
                "kohana",
                "laravel",
                "lithium",
                "magento",
                "mako",
                "mediawiki",
                "modulework",
                "moodle",
                "phpbb",
                "piwik",
                "ppi",
                "puppet",
                "roundcube",
                "shopware",
                "silverstripe",
                "symfony",
                "typo3",
                "wordpress",
                "zend",
                "zikula"
            ],
            "time": "2015-02-18 17:17:01"
        },
        {
            "name": "fancyguy/webroot-installer",
            "version": "1.1.0",
            "source": {
                "type": "git",
                "url": "https://github.com/fancyguy/webroot-installer.git",
                "reference": "a2d5c2e149d837e5580a62a91d3c91577aa30d28"
            },
            "dist": {
                "type": "zip",
                "url": "https://api.github.com/repos/fancyguy/webroot-installer/zipball/a2d5c2e149d837e5580a62a91d3c91577aa30d28",
                "reference": "a2d5c2e149d837e5580a62a91d3c91577aa30d28",
                "shasum": ""
            },
            "require-dev": {
                "composer/composer": "1.0.*@dev",
                "phpunit/phpunit": "3.7.*"
            },
            "type": "composer-installer",
            "extra": {
                "class": "FancyGuy\\Composer\\WebrootInstaller"
            },
            "autoload": {
                "psr-0": {
                    "FancyGuy\\Composer\\": "src/"
                }
            },
            "notification-url": "https://packagist.org/downloads/",
            "license": [
                "BSD-3-Clause"
            ],
            "authors": [
                {
                    "name": "Steve Buzonas",
                    "email": "steve@fancyguy.com",
                    "homepage": "http://www.stevebuzonas.com"
                }
            ],
            "description": "A composer installer for libraries that live in an application webroot.",
            "homepage": "http://fancyguy.github.com/webroot-installer/",
            "time": "2013-03-15 17:51:14"
        },
        {
            "name": "koodimonni/composer-dropin-installer",
            "version": "0.2.4",
            "source": {
                "type": "git",
                "url": "https://github.com/Koodimonni/Composer-Dropin-Installer.git",
                "reference": "618b96fd3bc8c1532610b7f7baedc4e60736a340"
            },
            "dist": {
                "type": "zip",
                "url": "https://api.github.com/repos/Koodimonni/Composer-Dropin-Installer/zipball/618b96fd3bc8c1532610b7f7baedc4e60736a340",
                "reference": "618b96fd3bc8c1532610b7f7baedc4e60736a340",
                "shasum": ""
            },
            "require": {
                "composer-plugin-api": "1.0.0"
            },
            "type": "composer-plugin",
            "extra": {
                "class": "Koodimonni\\Composer\\Dropin"
            },
            "autoload": {
                "psr-4": {
                    "Koodimonni\\Composer\\": "src"
                }
            },
            "notification-url": "https://packagist.org/downloads/",
            "license": [
                "WTFPL"
            ],
            "authors": [
                {
                    "name": "Onni Hakala",
                    "email": "onni@koodimonni.fi"
                }
            ],
            "description": "Do what the fuck you want with your composer packages aka. Composer Dropin installer. Install packages or part of packages into custom paths without overwriting existing stuff.",
            "time": "2015-01-04 10:24:12"
        },
        {
            "name": "usstatedept/formidable-mailchimp",
            "version": "dev-master",
            "source": {
                "type": "git",
                "url": "git@github.com:usstatedept/formidable-mailchimp.git",
                "reference": "578f56e5ebf78f498e81920683c6bc46b17dad2d"
            },
            "require": {
                "composer/installers": "v1.0.21"
            },
            "type": "wordpress-plugin",
            "license": [
                "MIT"
            ],
            "authors": [
                {
                    "name": "Peter Kaizer",
                    "email": "peter.kaizer@aquilent.com"
                }
            ],
            "description": "Formidable to Mailchimp integration.",
            "time": "2015-10-27 14:52:07"
        },
        {
            "name": "usstatedept/formidable-pro-pdf-extended-master",
            "version": "dev-master",
            "source": {
                "type": "git",
                "url": "git@github.com:usstatedept/formidable-pro-pdf-extended-master.git",
                "reference": "a68fbbba1bab43c094d7c7c77a7075347d2785b7"
            },
            "require": {
                "composer/installers": "v1.0.21"
            },
            "type": "wordpress-plugin",
            "license": [
                "MIT"
            ],
            "authors": [
                {
                    "name": "Peter Kaizer",
                    "email": "peter.kaizer@aquilent.com"
                }
            ],
            "description": "Formidable Pro PDF Extended allows you to save/view/download a PDF from the front- and back-end, and automate PDF creation on form submission.",
            "time": "2015-10-27 19:07:39"
        },
        {
            "name": "usstatedept/js_composer",
            "version": "4.4.4",
            "source": {
                "type": "git",
                "url": "git@github.com:USStateDept/js_composer.git",
                "reference": "2a6f7575837ef5bc2bce78bc97119e8118ef2b61"
            },
            "require": {
                "composer/installers": "v1.0.21"
            },
            "type": "wordpress-plugin",
            "license": [
                "MIT"
            ],
            "description": "Visual Composer.",
            "time": "2015-11-03 19:21:04"
        },
        {
            "name": "usstatedept/moxie-yali",
            "version": "dev-master",
            "source": {
                "type": "git",
                "url": "git@github.com:usstatedept/moxie-yali.git",
                "reference": "4ad4eda691ecafab61311b874f8a81173b1ef6a7"
            },
            "require": {
                "composer/installers": "v1.0.21"
            },
            "type": "wordpress-theme",
            "license": [
                "MIT"
            ],
            "authors": [
                {
                    "name": "Peter Kaizer",
                    "email": "peter.kaizer@aquilent.com"
                }
            ],
            "description": "Yali Moxie child theme",
            "time": "2015-11-20 21:06:38"
        },
        {
            "name": "usstatedept/parallelus-moxie",
            "version": "1.2.3",
            "source": {
                "type": "git",
                "url": "git@github.com:usstatedept/parallelus-moxie.git",
                "reference": "03f72e0072a61e6a7a9997e74eaa9880962342bf"
            },
            "require": {
                "composer/installers": "v1.0.21"
            },
            "type": "wordpress-theme",
            "license": [
                "MIT"
            ],
            "description": "Moxie base theme",
            "time": "2015-10-07 18:27:19"
        },
        {
            "name": "usstatedept/revslider",
            "version": "4.3.8",
            "source": {
                "type": "git",
                "url": "git@github.com:usstatedept/revslider.git",
                "reference": "e219714120f72add71b78701977025f0f57711ad"
            },
            "require": {
                "composer/installers": "v1.0.21"
            },
            "type": "wordpress-plugin",
            "license": [
                "MIT"
            ],
            "description": "Revolution slider.",
            "time": "2015-10-07 15:41:19"
        },
        {
            "name": "usstatedept/wp-hide-login-form",
            "version": "1.0.1",
            "source": {
                "type": "git",
                "url": "git@github.com:USStateDept/wp-hide-login-form.git",
                "reference": "5c9a0f55eeea503f82e42d0438fceda8640016ca"
            },
            "require": {
                "composer/installers": "~1.0"
            },
            "type": "wordpress-plugin",
            "authors": [
                {
                    "name": "Office of Design, Bureau of International Information Programs",
                    "email": "gustassj@america.gov"
                }
            ],
            "description": "A WordPress plugin to hide the login form on the login page when the Google Apps Login plugin is active.",
            "time": "2015-12-16 16:18:36"
        },
        {
            "name": "wordpress",
            "version": "4.3.1",
            "dist": {
                "type": "zip",
                "url": "https://github.com/WordPress/WordPress/archive/4.3.1.zip",
                "reference": null,
                "shasum": null
            },
            "require": {
                "fancyguy/webroot-installer": "1.1.0"
            },
            "type": "webroot"
        },
        {
            "name": "wpackagist-plugin/amazon-ses-and-dkim-mailer",
            "version": "1.7",
            "source": {
                "type": "svn",
                "url": "http://plugins.svn.wordpress.org/amazon-ses-and-dkim-mailer/",
                "reference": "tags/1.7"
            },
            "dist": {
                "type": "zip",
                "url": "https://downloads.wordpress.org/plugin/amazon-ses-and-dkim-mailer.1.7.zip",
                "reference": null,
                "shasum": null
            },
            "require": {
                "composer/installers": "~1.0"
            },
            "type": "wordpress-plugin",
            "homepage": "https://wordpress.org/plugins/amazon-ses-and-dkim-mailer/"
        },
        {
            "name": "wpackagist-plugin/bulk-delete",
            "version": "5.5.3",
            "source": {
                "type": "svn",
                "url": "http://plugins.svn.wordpress.org/bulk-delete/",
                "reference": "tags/5.5.3"
            },
            "dist": {
                "type": "zip",
                "url": "https://downloads.wordpress.org/plugin/bulk-delete.5.5.3.zip",
                "reference": null,
                "shasum": null
            },
            "require": {
                "composer/installers": "~1.0"
            },
            "type": "wordpress-plugin",
            "homepage": "https://wordpress.org/plugins/bulk-delete/"
        },
        {
            "name": "wpackagist-plugin/contact-form-7",
            "version": "4.3",
            "source": {
                "type": "svn",
                "url": "http://plugins.svn.wordpress.org/contact-form-7/",
                "reference": "tags/4.3"
            },
            "dist": {
                "type": "zip",
                "url": "https://downloads.wordpress.org/plugin/contact-form-7.4.3.zip",
                "reference": null,
                "shasum": null
            },
            "require": {
                "composer/installers": "~1.0"
            },
            "type": "wordpress-plugin",
            "homepage": "https://wordpress.org/plugins/contact-form-7/"
        },
        {
            "name": "wpackagist-plugin/contact-form-7-autoresponder-addon-plugin",
            "version": "1.9",
            "source": {
                "type": "svn",
                "url": "http://plugins.svn.wordpress.org/contact-form-7-autoresponder-addon-plugin/",
                "reference": "tags/1.9"
            },
            "dist": {
                "type": "zip",
                "url": "https://downloads.wordpress.org/plugin/contact-form-7-autoresponder-addon-plugin.1.9.zip",
                "reference": null,
                "shasum": null
            },
            "require": {
                "composer/installers": "~1.0"
            },
            "type": "wordpress-plugin",
            "homepage": "https://wordpress.org/plugins/contact-form-7-autoresponder-addon-plugin/"
        },
        {
            "name": "wpackagist-plugin/event-organiser",
            "version": "2.13.6",
            "source": {
                "type": "svn",
                "url": "http://plugins.svn.wordpress.org/event-organiser/",
                "reference": "tags/2.13.6"
            },
            "dist": {
                "type": "zip",
                "url": "https://downloads.wordpress.org/plugin/event-organiser.2.13.6.zip",
                "reference": null,
                "shasum": null
            },
            "require": {
                "composer/installers": "~1.0"
            },
            "type": "wordpress-plugin",
            "homepage": "https://wordpress.org/plugins/event-organiser/"
        },
        {
            "name": "wpackagist-plugin/facebook-like-box-widget",
            "version": "2.8",
            "source": {
                "type": "svn",
                "url": "http://plugins.svn.wordpress.org/facebook-like-box-widget/",
                "reference": "trunk"
            },
            "dist": {
                "type": "zip",
                "url": "https://downloads.wordpress.org/plugin/facebook-like-box-widget.zip",
                "reference": null,
                "shasum": null
            },
            "require": {
                "composer/installers": "~1.0"
            },
            "type": "wordpress-plugin",
            "homepage": "https://wordpress.org/plugins/facebook-like-box-widget/"
        },
        {
            "name": "wpackagist-plugin/floating-social-bar",
            "version": "1.1.7",
            "source": {
                "type": "svn",
                "url": "http://plugins.svn.wordpress.org/floating-social-bar/",
                "reference": "tags/1.1.7"
            },
            "dist": {
                "type": "zip",
                "url": "https://downloads.wordpress.org/plugin/floating-social-bar.1.1.7.zip",
                "reference": null,
                "shasum": null
            },
            "require": {
                "composer/installers": "~1.0"
            },
            "type": "wordpress-plugin",
            "homepage": "https://wordpress.org/plugins/floating-social-bar/"
        },
        {
            "name": "wpackagist-plugin/formidable",
            "version": "2.0.15",
            "source": {
                "type": "svn",
                "url": "http://plugins.svn.wordpress.org/formidable/",
                "reference": "tags/2.0.15"
            },
            "dist": {
                "type": "zip",
                "url": "https://downloads.wordpress.org/plugin/formidable.2.0.15.zip",
                "reference": null,
                "shasum": null
            },
            "require": {
                "composer/installers": "~1.0"
            },
            "type": "wordpress-plugin",
            "homepage": "https://wordpress.org/plugins/formidable/"
        },
        {
            "name": "wpackagist-plugin/google-apps-login",
            "version": "2.8.12",
            "source": {
                "type": "svn",
                "url": "http://plugins.svn.wordpress.org/google-apps-login/",
                "reference": "tags/2.8.12"
            },
            "dist": {
                "type": "zip",
                "url": "https://downloads.wordpress.org/plugin/google-apps-login.2.8.12.zip",
                "reference": null,
                "shasum": null
            },
            "require": {
                "composer/installers": "~1.0"
            },
            "type": "wordpress-plugin",
            "homepage": "https://wordpress.org/plugins/google-apps-login/"
        },
        {
            "name": "wpackagist-plugin/gravitate-event-tracking",
            "version": "1.4.1",
            "source": {
                "type": "svn",
                "url": "http://plugins.svn.wordpress.org/gravitate-event-tracking/",
                "reference": "trunk"
            },
            "dist": {
                "type": "zip",
                "url": "https://downloads.wordpress.org/plugin/gravitate-event-tracking.zip",
                "reference": null,
                "shasum": null
            },
            "require": {
                "composer/installers": "~1.0"
            },
            "type": "wordpress-plugin",
            "homepage": "https://wordpress.org/plugins/gravitate-event-tracking/"
        },
        {
            "name": "wpackagist-plugin/list-category-posts",
            "version": "0.66",
            "source": {
                "type": "svn",
                "url": "http://plugins.svn.wordpress.org/list-category-posts/",
                "reference": "tags/0.66"
            },
            "dist": {
                "type": "zip",
                "url": "https://downloads.wordpress.org/plugin/list-category-posts.0.66.zip",
                "reference": null,
                "shasum": null
            },
            "require": {
                "composer/installers": "~1.0"
            },
            "type": "wordpress-plugin",
            "homepage": "https://wordpress.org/plugins/list-category-posts/"
        },
        {
            "name": "wpackagist-plugin/pdf-print",
            "version": "1.8.4",
            "source": {
                "type": "svn",
                "url": "http://plugins.svn.wordpress.org/pdf-print/",
                "reference": "tags/1.8.4"
            },
            "dist": {
                "type": "zip",
                "url": "https://downloads.wordpress.org/plugin/pdf-print.1.8.4.zip",
                "reference": null,
                "shasum": null
            },
            "require": {
                "composer/installers": "~1.0"
            },
            "type": "wordpress-plugin",
            "homepage": "https://wordpress.org/plugins/pdf-print/"
        },
        {
            "name": "wpackagist-plugin/quiz-master-next",
            "version": "4.6.2",
            "source": {
                "type": "svn",
                "url": "http://plugins.svn.wordpress.org/quiz-master-next/",
                "reference": "tags/4.6.2"
            },
            "dist": {
                "type": "zip",
                "url": "https://downloads.wordpress.org/plugin/quiz-master-next.4.6.2.zip",
                "reference": null,
                "shasum": null
            },
            "require": {
                "composer/installers": "~1.0"
            },
            "type": "wordpress-plugin",
            "homepage": "https://wordpress.org/plugins/quiz-master-next/"
        },
        {
            "name": "wpackagist-plugin/simple-sitemap",
            "version": "1.65",
            "source": {
                "type": "svn",
                "url": "http://plugins.svn.wordpress.org/simple-sitemap/",
                "reference": "tags/1.65"
            },
            "dist": {
                "type": "zip",
                "url": "https://downloads.wordpress.org/plugin/simple-sitemap.1.65.zip",
                "reference": null,
                "shasum": null
            },
            "require": {
                "composer/installers": "~1.0"
            },
            "type": "wordpress-plugin",
            "homepage": "https://wordpress.org/plugins/simple-sitemap/"
        },
        {
            "name": "wpackagist-plugin/twitter-widget-pro",
            "version": "2.8.0",
            "source": {
                "type": "svn",
                "url": "http://plugins.svn.wordpress.org/twitter-widget-pro/",
                "reference": "tags/2.8.0"
            },
            "dist": {
                "type": "zip",
                "url": "https://downloads.wordpress.org/plugin/twitter-widget-pro.2.8.0.zip",
                "reference": null,
                "shasum": null
            },
            "require": {
                "composer/installers": "~1.0"
            },
            "type": "wordpress-plugin",
            "homepage": "https://wordpress.org/plugins/twitter-widget-pro/"
        },
        {
            "name": "wpackagist-plugin/wordpress-importer",
            "version": "0.6.1",
            "source": {
                "type": "svn",
                "url": "http://plugins.svn.wordpress.org/wordpress-importer/",
                "reference": "tags/0.6.1"
            },
            "dist": {
                "type": "zip",
                "url": "https://downloads.wordpress.org/plugin/wordpress-importer.0.6.1.zip",
                "reference": null,
                "shasum": null
            },
            "require": {
                "composer/installers": "~1.0"
            },
            "type": "wordpress-plugin",
            "homepage": "https://wordpress.org/plugins/wordpress-importer/"
        },
        {
            "name": "wpackagist-plugin/wordpress-mu-domain-mapping",
            "version": "0.5.5.1",
            "source": {
                "type": "svn",
                "url": "http://plugins.svn.wordpress.org/wordpress-mu-domain-mapping/",
                "reference": "tags/0.5.5.1"
            },
            "dist": {
                "type": "zip",
                "url": "https://downloads.wordpress.org/plugin/wordpress-mu-domain-mapping.0.5.5.1.zip",
                "reference": null,
                "shasum": null
            },
            "require": {
                "composer/installers": "~1.0"
            },
            "type": "wordpress-plugin",
            "homepage": "https://wordpress.org/plugins/wordpress-mu-domain-mapping/"
        },
        {
            "name": "wpackagist-plugin/wordpress-seo",
            "version": "2.3.5",
            "source": {
                "type": "svn",
                "url": "http://plugins.svn.wordpress.org/wordpress-seo/",
                "reference": "tags/2.3.5"
            },
            "dist": {
                "type": "zip",
                "url": "https://downloads.wordpress.org/plugin/wordpress-seo.2.3.5.zip",
                "reference": null,
                "shasum": null
            },
            "require": {
                "composer/installers": "~1.0"
            },
            "type": "wordpress-plugin",
            "homepage": "https://wordpress.org/plugins/wordpress-seo/"
        }
    ],
    "packages-dev": [],
    "aliases": [],
    "minimum-stability": "stable",
    "stability-flags": {
        "usstatedept/moxie-yali": 20,
        "usstatedept/formidable-mailchimp": 20,
        "usstatedept/formidable-pro-pdf-extended-master": 20
    },
    "prefer-stable": false,
    "prefer-lowest": false,
    "platform": [],
    "platform-dev": []
}
